
Microsoft Visual Studio Solution File, Format Version 12.00
# Visual Studio Version 16
VisualStudioVersion = 16.0.28803.452
MinimumVisualStudioVersion = 10.0.40219.1
Project("{FAE04EC0-301F-11D3-BF4B-00C04F79EFBC}") = "UsersManagement.UI", "UsersManagement.UI\UsersManagement.UI.csproj", "{5D0EDFCA-53D4-488B-A703-B93F529353D7}"
EndProject
Global
	GlobalSection(SolutionConfigurationPlatforms) = preSolution
		Debug|Any CPU = Debug|Any CPU
		Release|Any CPU = Release|Any CPU
	EndGlobalSection
	GlobalSection(ProjectConfigurationPlatforms) = postSolution
		{5D0EDFCA-53D4-488B-A703-B93F529353D7}.Debug|Any CPU.ActiveCfg = Debug|Any CPU
		{5D0EDFCA-53D4-488B-A703-B93F529353D7}.Debug|Any CPU.Build.0 = Debug|Any CPU
		{5D0EDFCA-53D4-488B-A703-B93F529353D7}.Release|Any CPU.ActiveCfg = Release|Any CPU
		{5D0EDFCA-53D4-488B-A703-B93F529353D7}.Release|Any CPU.Build.0 = Release|Any CPU
	EndGlobalSection
	GlobalSection(SolutionProperties) = preSolution
		HideSolutionNode = FALSE
	EndGlobalSection
	GlobalSection(ExtensibilityGlobals) = postSolution
		SolutionGuid = {0EB48959-502F-41E8-BC25-7BDB1F471140}
	EndGlobalSection
EndGlobal
